
Microsoft Visual Studio Solution File, Format Version 12.00
# Visual Studio Version 17
VisualStudioVersion = 17.4.33110.190
MinimumVisualStudioVersion = 10.0.40219.1
Project("{FAE04EC0-301F-11D3-BF4B-00C04F79EFBC}") = "RecruitmentMega", "RecruitmentMega\RecruitmentMega.csproj", "{3D0DBA20-80BF-4F79-9CB2-5FC079FB3615}"
EndProject
Global
	GlobalSection(SolutionConfigurationPlatforms) = preSolution
		Debug|Any CPU = Debug|Any CPU
		Release|Any CPU = Release|Any CPU
	EndGlobalSection
	GlobalSection(ProjectConfigurationPlatforms) = postSolution
		{3D0DBA20-80BF-4F79-9CB2-5FC079FB3615}.Debug|Any CPU.ActiveCfg = Debug|Any CPU
		{3D0DBA20-80BF-4F79-9CB2-5FC079FB3615}.Debug|Any CPU.Build.0 = Debug|Any CPU
		{3D0DBA20-80BF-4F79-9CB2-5FC079FB3615}.Release|Any CPU.ActiveCfg = Release|Any CPU
		{3D0DBA20-80BF-4F79-9CB2-5FC079FB3615}.Release|Any CPU.Build.0 = Release|Any CPU
	EndGlobalSection
	GlobalSection(SolutionProperties) = preSolution
		HideSolutionNode = FALSE
	EndGlobalSection
	GlobalSection(ExtensibilityGlobals) = postSolution
		SolutionGuid = {20900650-9972-42FB-92DD-8DC6A28EA768}
	EndGlobalSection
EndGlobal
