
Microsoft Visual Studio Solution File, Format Version 12.00
# Visual Studio Version 17
VisualStudioVersion = 17.4.33110.190
MinimumVisualStudioVersion = 10.0.40219.1
Project("{FAE04EC0-301F-11D3-BF4B-00C04F79EFBC}") = "Frontend_Mega-Recruitment", "Frontend_Mega-Recruitment\Frontend_Mega-Recruitment.csproj", "{5406C26A-0DB7-4F24-949F-31DA3DFF987B}"
EndProject
Global
	GlobalSection(SolutionConfigurationPlatforms) = preSolution
		Debug|Any CPU = Debug|Any CPU
		Release|Any CPU = Release|Any CPU
	EndGlobalSection
	GlobalSection(ProjectConfigurationPlatforms) = postSolution
		{5406C26A-0DB7-4F24-949F-31DA3DFF987B}.Debug|Any CPU.ActiveCfg = Debug|Any CPU
		{5406C26A-0DB7-4F24-949F-31DA3DFF987B}.Debug|Any CPU.Build.0 = Debug|Any CPU
		{5406C26A-0DB7-4F24-949F-31DA3DFF987B}.Release|Any CPU.ActiveCfg = Release|Any CPU
		{5406C26A-0DB7-4F24-949F-31DA3DFF987B}.Release|Any CPU.Build.0 = Release|Any CPU
	EndGlobalSection
	GlobalSection(SolutionProperties) = preSolution
		HideSolutionNode = FALSE
	EndGlobalSection
	GlobalSection(ExtensibilityGlobals) = postSolution
		SolutionGuid = {1D016B3B-5B0C-44D5-B53B-D2729A555CD7}
	EndGlobalSection
EndGlobal
